
Microsoft Visual Studio Solution File, Format Version 12.00
# Visual Studio 15
VisualStudioVersion = 15.0.28307.539
MinimumVisualStudioVersion = 10.0.40219.1
Project("{8BC9CEB8-8B4A-11D0-8D11-00A0C91BC942}") = "tiktaktoł", "tiktaktoł\tiktaktoł.vcxproj", "{CFAC4007-DB0B-4EE1-AE0E-2088A730FE50}"
EndProject
Global
	GlobalSection(SolutionConfigurationPlatforms) = preSolution
		Debug|x64 = Debug|x64
		Debug|x86 = Debug|x86
		Release|x64 = Release|x64
		Release|x86 = Release|x86
	EndGlobalSection
	GlobalSection(ProjectConfigurationPlatforms) = postSolution
		{CFAC4007-DB0B-4EE1-AE0E-2088A730FE50}.Debug|x64.ActiveCfg = Debug|x64
		{CFAC4007-DB0B-4EE1-AE0E-2088A730FE50}.Debug|x64.Build.0 = Debug|x64
		{CFAC4007-DB0B-4EE1-AE0E-2088A730FE50}.Debug|x86.ActiveCfg = Debug|Win32
		{CFAC4007-DB0B-4EE1-AE0E-2088A730FE50}.Debug|x86.Build.0 = Debug|Win32
		{CFAC4007-DB0B-4EE1-AE0E-2088A730FE50}.Release|x64.ActiveCfg = Release|x64
		{CFAC4007-DB0B-4EE1-AE0E-2088A730FE50}.Release|x64.Build.0 = Release|x64
		{CFAC4007-DB0B-4EE1-AE0E-2088A730FE50}.Release|x86.ActiveCfg = Release|Win32
		{CFAC4007-DB0B-4EE1-AE0E-2088A730FE50}.Release|x86.Build.0 = Release|Win32
	EndGlobalSection
	GlobalSection(SolutionProperties) = preSolution
		HideSolutionNode = FALSE
	EndGlobalSection
	GlobalSection(ExtensibilityGlobals) = postSolution
		SolutionGuid = {AE3D6A70-333E-449C-B89A-774C5EC471E4}
	EndGlobalSection
EndGlobal
